{
  "name": "sqlwhat-viewer",
  "version": "1.0.0",
  "lockfileVersion": 1,
  "requires": true,
  "dependencies": {
    "arity-n": {
      "version": "1.0.4",
      "resolved": "https://registry.npmjs.org/arity-n/-/arity-n-1.0.4.tgz",
      "integrity": "sha1-2edrEXM+CFacCEeuezmyhgswt0U="
    },
    "array-last": {
      "version": "1.3.0",
      "resolved": "https://registry.npmjs.org/array-last/-/array-last-1.3.0.tgz",
      "integrity": "sha512-eOCut5rXlI6aCOS7Z7kCplKRKyiFQ6dHFBem4PwlwKeNFk2/XxTrhRh5T9PyaEWGy/NHTZWbY+nsZlNFJu9rYg==",
      "requires": {
        "is-number": "4.0.0"
      }
    },
    "babylon": {
      "version": "6.18.0",
      "resolved": "https://registry.npmjs.org/babylon/-/babylon-6.18.0.tgz",
      "integrity": "sha512-q/UEjfGJ2Cm3oKV71DJz9d25TPnq5rhBVL2Q4fA5wcC3jcrdn7+SssEybFIxwAvvP+YCsCYNKughoF33GxgycQ=="
    },
    "bash-parser": {
      "version": "0.5.0",
      "resolved": "https://registry.npmjs.org/bash-parser/-/bash-parser-0.5.0.tgz",
      "integrity": "sha512-AQR43o4W4sj4Jf+oy4cFtGgyBps4B+MYnJg6Xds8VVC7yomFtQekhOORQNHfQ8D6YJ0XENykr3TpxMn3rUtgeg==",
      "requires": {
        "array-last": "1.3.0",
        "babylon": "6.18.0",
        "compose-function": "3.0.3",
        "curry": "1.2.0",
        "deep-freeze": "0.0.1",
        "filter-iterator": "0.0.1",
        "filter-obj": "1.1.0",
        "has-own-property": "0.1.0",
        "identity-function": "1.0.0",
        "iterable-lookahead": "1.0.0",
        "iterable-transform-replace": "1.2.0",
        "magic-string": "0.16.0",
        "map-iterable": "1.0.1",
        "map-obj": "2.0.0",
        "object-pairs": "0.1.0",
        "object-values": "1.0.0",
        "reverse-arguments": "1.0.0",
        "shell-quote-word": "1.0.1",
        "to-pascal-case": "1.0.0",
        "transform-spread-iterable": "1.4.1",
        "unescape-js": "1.1.1"
      }
    },
    "compose-function": {
      "version": "3.0.3",
      "resolved": "https://registry.npmjs.org/compose-function/-/compose-function-3.0.3.tgz",
      "integrity": "sha1-ntZ18TzFRQHTCVCkhv9qe6OrGF8=",
      "requires": {
        "arity-n": "1.0.4"
      }
    },
    "curry": {
      "version": "1.2.0",
      "resolved": "https://registry.npmjs.org/curry/-/curry-1.2.0.tgz",
      "integrity": "sha1-nm3SiVSNun5lPVrj/pA/59+zOvI="
    },
    "deep-freeze": {
      "version": "0.0.1",
      "resolved": "https://registry.npmjs.org/deep-freeze/-/deep-freeze-0.0.1.tgz",
      "integrity": "sha1-OgsABd4YZygZ39OM0x+RF5yJPoQ="
    },
    "filter-iterator": {
      "version": "0.0.1",
      "resolved": "https://registry.npmjs.org/filter-iterator/-/filter-iterator-0.0.1.tgz",
      "integrity": "sha1-Ci7PB9bAb5a962hG+OiLV7jaHzc="
    },
    "filter-obj": {
      "version": "1.1.0",
      "resolved": "https://registry.npmjs.org/filter-obj/-/filter-obj-1.1.0.tgz",
      "integrity": "sha1-mzERErxsYSehbgFsbF1/GeCAXFs="
    },
    "has-own-property": {
      "version": "0.1.0",
      "resolved": "https://registry.npmjs.org/has-own-property/-/has-own-property-0.1.0.tgz",
      "integrity": "sha1-mSsPW7OiVBb41NDN5T9Je517HqU="
    },
    "identity-function": {
      "version": "1.0.0",
      "resolved": "https://registry.npmjs.org/identity-function/-/identity-function-1.0.0.tgz",
      "integrity": "sha1-vqEVnwmFI5vjyjSO30DOLw3Swh0="
    },
    "is-iterable": {
      "version": "1.1.1",
      "resolved": "https://registry.npmjs.org/is-iterable/-/is-iterable-1.1.1.tgz",
      "integrity": "sha512-EdOZCr0NsGE00Pot+x1ZFx9MJK3C6wy91geZpXwvwexDLJvA4nzYyZf7r+EIwSeVsOLDdBz7ATg9NqKTzuNYuQ=="
    },
    "is-number": {
      "version": "4.0.0",
      "resolved": "https://registry.npmjs.org/is-number/-/is-number-4.0.0.tgz",
      "integrity": "sha512-rSklcAIlf1OmFdyAqbnWTLVelsQ58uvZ66S/ZyawjWqIviTWCjg2PzVGw8WUA+nNuPTqb4wgA+NszrJ+08LlgQ=="
    },
    "iterable-lookahead": {
      "version": "1.0.0",
      "resolved": "https://registry.npmjs.org/iterable-lookahead/-/iterable-lookahead-1.0.0.tgz",
      "integrity": "sha1-iW38t4aAvbUANul+2wNMi2ipc38="
    },
    "iterable-transform-replace": {
      "version": "1.2.0",
      "resolved": "https://registry.npmjs.org/iterable-transform-replace/-/iterable-transform-replace-1.2.0.tgz",
      "integrity": "sha1-aQJNPxJbUFJLH1lHP8wIVl3M474=",
      "requires": {
        "curry": "1.2.0"
      }
    },
    "magic-string": {
      "version": "0.16.0",
      "resolved": "https://registry.npmjs.org/magic-string/-/magic-string-0.16.0.tgz",
      "integrity": "sha1-lw67DacZMwEoX7GqZQ85vdgetFo=",
      "requires": {
        "vlq": "0.2.3"
      }
    },
    "map-iterable": {
      "version": "1.0.1",
      "resolved": "https://registry.npmjs.org/map-iterable/-/map-iterable-1.0.1.tgz",
      "integrity": "sha1-qw/BFmAUvWJfvN+u4omvVg5hGtk=",
      "requires": {
        "curry": "1.2.0",
        "is-iterable": "1.1.1"
      }
    },
    "map-obj": {
      "version": "2.0.0",
      "resolved": "https://registry.npmjs.org/map-obj/-/map-obj-2.0.0.tgz",
      "integrity": "sha1-plzSkIepJZi4eRJXpSPgISIqwfk="
    },
    "object-pairs": {
      "version": "0.1.0",
      "resolved": "https://registry.npmjs.org/object-pairs/-/object-pairs-0.1.0.tgz",
      "integrity": "sha1-gnbu2B1guFSdacX3OmgqudpP8y8="
    },
    "object-values": {
      "version": "1.0.0",
      "resolved": "https://registry.npmjs.org/object-values/-/object-values-1.0.0.tgz",
      "integrity": "sha1-cq+DljARnluYw7AruMJ+MjcVgQU="
    },
    "reverse-arguments": {
      "version": "1.0.0",
      "resolved": "https://registry.npmjs.org/reverse-arguments/-/reverse-arguments-1.0.0.tgz",
      "integrity": "sha1-woCVo6khrHFdYYNN3s6QJ5kmZ80="
    },
    "shell-quote-word": {
      "version": "1.0.1",
      "resolved": "https://registry.npmjs.org/shell-quote-word/-/shell-quote-word-1.0.1.tgz",
      "integrity": "sha1-4r39ItWZ/WiIZJFnfjj1YPnUack="
    },
    "string.fromcodepoint": {
      "version": "0.2.1",
      "resolved": "https://registry.npmjs.org/string.fromcodepoint/-/string.fromcodepoint-0.2.1.tgz",
      "integrity": "sha1-jZeDM8C8klOPUPOD5IiPPlYZ1lM="
    },
    "to-no-case": {
      "version": "1.0.2",
      "resolved": "https://registry.npmjs.org/to-no-case/-/to-no-case-1.0.2.tgz",
      "integrity": "sha1-xyKQcWTvaxeBMsjmmTAhLRtKoWo="
    },
    "to-pascal-case": {
      "version": "1.0.0",
      "resolved": "https://registry.npmjs.org/to-pascal-case/-/to-pascal-case-1.0.0.tgz",
      "integrity": "sha1-C73I30SIhroBU15UMycEjQqhzng=",
      "requires": {
        "to-space-case": "1.0.0"
      }
    },
    "to-space-case": {
      "version": "1.0.0",
      "resolved": "https://registry.npmjs.org/to-space-case/-/to-space-case-1.0.0.tgz",
      "integrity": "sha1-sFLar7Gysp3HcM6gFj5ewOvJ/Bc=",
      "requires": {
        "to-no-case": "1.0.2"
      }
    },
    "transform-spread-iterable": {
      "version": "1.4.1",
      "resolved": "https://registry.npmjs.org/transform-spread-iterable/-/transform-spread-iterable-1.4.1.tgz",
      "integrity": "sha1-fwqWOJwQ7HDu3UzhwSjG65fTGKU=",
      "requires": {
        "curry": "1.2.0"
      }
    },
    "unescape-js": {
      "version": "1.1.1",
      "resolved": "https://registry.npmjs.org/unescape-js/-/unescape-js-1.1.1.tgz",
      "integrity": "sha512-2/6CdybfFt9fzYJhCD6SHfBnqCGNfjhMwPK9Pf+sJRloa/WmyAmxdBVOslOIYkvSIRKX+9xGePF5t1tugtZ63g==",
      "requires": {
        "string.fromcodepoint": "0.2.1"
      }
    },
    "vlq": {
      "version": "0.2.3",
      "resolved": "https://registry.npmjs.org/vlq/-/vlq-0.2.3.tgz",
      "integrity": "sha512-DRibZL6DsNhIgYQ+wNdWDL2SL3bKPlVrRiBqV5yuMm++op8W4kGFtaQfCs4KEJn0wBZcHVHJ3eoywX8983k1ow=="
    }
  }
}
